powerbi_authoring:
  provider: Microsoft
  repository: https://github.com/microsoft/skills-for-fabric
  component_path: plugins/powerbi-authoring
  version: 0.3.14
  commit: 714ea2f9431179344ecd9bc673a9881a773c9f47
  release_commit_date: 2026-08-27
  license: MIT
  checked_on: 2026-08-31
  skills:
    - semantic-model-authoring
    - powerbi-report-planning
    - powerbi-report-design
    - powerbi-report-authoring
    - powerbi-report-management
  notes: >-
    Pin client technical guidance to this immutable commit until Power-Bi-Vibes
    explicitly tests and adopts a newer Microsoft powerbi-authoring release.
